Microsoft Visual Studio Solution File, Format Version 12.00
# Visual Studio Version 16
VisualStudioVersion = 16.0.31624.102
MinimumVisualStudioVersion = 10.0.40219.1
Project("{8BC9CEB8-8B4A-11D0-8D11-00A0C91BC942}") = "Second semestr projects", "Second semestr projects\Second semestr projects.vcxproj", "{9CBEA34E-369C-4C52-942B-98A0245D8D41}"
EndProject
Project("{8BC9CEB8-8B4A-11D0-8D11-00A0C91BC942}") = "BinaryTree", "BinaryTree\BinaryTree.vcxproj", "{6DAB495E-FCA0-426C-A601-AE64EBC680AE}"
EndProject
Project("{8BC9CEB8-8B4A-11D0-8D11-00A0C91BC942}") = "SearchTree", "SearchTree\SearchTree.vcxproj", "{36EB6CA2-CF19-4ADB-A6E0-A9A14DAD665B}"
EndProject
Project("{8BC9CEB8-8B4A-11D0-8D11-00A0C91BC942}") = "BinaryTreeTester", "BinaryTreeTester\BinaryTreeTester.vcxproj", "{F1504D99-1956-4411-A760-EDFD94479992}"
EndProject
Global
	GlobalSection(SolutionConfigurationPlatforms) = preSolution
		Debug|x64 = Debug|x64
		Debug|x86 = Debug|x86
		Release|x64 = Release|x64
		Release|x86 = Release|x86
	EndGlobalSection
	GlobalSection(ProjectConfigurationPlatforms) = postSolution
		{9CBEA34E-369C-4C52-942B-98A0245D8D41}.Debug|x64.ActiveCfg = Debug|x64
		{9CBEA34E-369C-4C52-942B-98A0245D8D41}.Debug|x64.Build.0 = Debug|x64
		{9CBEA34E-369C-4C52-942B-98A0245D8D41}.Debug|x86.ActiveCfg = Debug|Win32
		{9CBEA34E-369C-4C52-942B-98A0245D8D41}.Debug|x86.Build.0 = Debug|Win32
		{9CBEA34E-369C-4C52-942B-98A0245D8D41}.Release|x64.ActiveCfg = Release|x64
		{9CBEA34E-369C-4C52-942B-98A0245D8D41}.Release|x64.Build.0 = Release|x64
		{9CBEA34E-369C-4C52-942B-98A0245D8D41}.Release|x86.ActiveCfg = Release|Win32
		{9CBEA34E-369C-4C52-942B-98A0245D8D41}.Release|x86.Build.0 = Release|Win32
		{6DAB495E-FCA0-426C-A601-AE64EBC680AE}.Debug|x64.ActiveCfg = Debug|x64
		{6DAB495E-FCA0-426C-A601-AE64EBC680AE}.Debug|x64.Build.0 = Debug|x64
		{6DAB495E-FCA0-426C-A601-AE64EBC680AE}.Debug|x86.ActiveCfg = Debug|Win32
		{6DAB495E-FCA0-426C-A601-AE64EBC680AE}.Debug|x86.Build.0 = Debug|Win32
		{6DAB495E-FCA0-426C-A601-AE64EBC680AE}.Release|x64.ActiveCfg = Release|x64
		{6DAB495E-FCA0-426C-A601-AE64EBC680AE}.Release|x64.Build.0 = Release|x64
		{6DAB495E-FCA0-426C-A601-AE64EBC680AE}.Release|x86.ActiveCfg = Release|Win32
		{6DAB495E-FCA0-426C-A601-AE64EBC680AE}.Release|x86.Build.0 = Release|Win32
		{36EB6CA2-CF19-4ADB-A6E0-A9A14DAD665B}.Debug|x64.ActiveCfg = Debug|x64
		{36EB6CA2-CF19-4ADB-A6E0-A9A14DAD665B}.Debug|x64.Build.0 = Debug|x64
		{36EB6CA2-CF19-4ADB-A6E0-A9A14DAD665B}.Debug|x86.ActiveCfg = Debug|Win32
		{36EB6CA2-CF19-4ADB-A6E0-A9A14DAD665B}.Debug|x86.Build.0 = Debug|Win32
		{36EB6CA2-CF19-4ADB-A6E0-A9A14DAD665B}.Release|x64.ActiveCfg = Release|x64
		{36EB6CA2-CF19-4ADB-A6E0-A9A14DAD665B}.Release|x64.Build.0 = Release|x64
		{36EB6CA2-CF19-4ADB-A6E0-A9A14DAD665B}.Release|x86.ActiveCfg = Release|Win32
		{36EB6CA2-CF19-4ADB-A6E0-A9A14DAD665B}.Release|x86.Build.0 = Release|Win32
		{F1504D99-1956-4411-A760-EDFD94479992}.Debug|x64.ActiveCfg = Debug|x64
		{F1504D99-1956-4411-A760-EDFD94479992}.Debug|x64.Build.0 = Debug|x64
		{F1504D99-1956-4411-A760-EDFD94479992}.Debug|x86.ActiveCfg = Debug|Win32
		{F1504D99-1956-4411-A760-EDFD94479992}.Debug|x86.Build.0 = Debug|Win32
		{F1504D99-1956-4411-A760-EDFD94479992}.Release|x64.ActiveCfg = Release|x64
		{F1504D99-1956-4411-A760-EDFD94479992}.Release|x64.Build.0 = Release|x64
		{F1504D99-1956-4411-A760-EDFD94479992}.Release|x86.ActiveCfg = Release|Win32
		{F1504D99-1956-4411-A760-EDFD94479992}.Release|x86.Build.0 = Release|Win32
	EndGlobalSection
	GlobalSection(SolutionProperties) = preSolution
		HideSolutionNode = FALSE
	EndGlobalSection
	GlobalSection(ExtensibilityGlobals) = postSolution
		SolutionGuid = {85A25BF0-D3E3-45DF-A6F9-A69E89A6A687}
	EndGlobalSection
EndGlobal
